
Microsoft Visual Studio Solution File, Format Version 12.00
# Visual Studio Version 16
VisualStudioVersion = 16.0.32126.315
MinimumVisualStudioVersion = 10.0.40219.1
Project("{FAE04EC0-301F-11D3-BF4B-00C04F79EFBC}") = "RecognitionEngine", "Recognition\RecognitionEngine.csproj", "{63F33D62-7B70-4057-8BC4-492C24743BD2}"
EndProject
Project("{FAE04EC0-301F-11D3-BF4B-00C04F79EFBC}") = "RealtimeRecognition", "Main\RealtimeRecognition.csproj", "{5C257120-04E8-4080-8FAE-ADC22B2CFA8E}"
EndProject
Project("{FAE04EC0-301F-11D3-BF4B-00C04F79EFBC}") = "TakeTrainingPhotos", "TakePictures\TakeTrainingPhotos.csproj", "{23A3F584-BE35-48F6-946A-EE8EB5E920D5}"
EndProject
Global
	GlobalSection(SolutionConfigurationPlatforms) = preSolution
		Debug|Any CPU = Debug|Any CPU
		Debug|ARM = Debug|ARM
		Debug|ARM64 = Debug|ARM64
		Debug|x64 = Debug|x64
		Debug|x86 = Debug|x86
		Release|Any CPU = Release|Any CPU
		Release|ARM = Release|ARM
		Release|ARM64 = Release|ARM64
		Release|x64 = Release|x64
		Release|x86 = Release|x86
	EndGlobalSection
	GlobalSection(ProjectConfigurationPlatforms) = postSolution
		{63F33D62-7B70-4057-8BC4-492C24743BD2}.Debug|Any CPU.ActiveCfg = Debug|Any CPU
		{63F33D62-7B70-4057-8BC4-492C24743BD2}.Debug|Any CPU.Build.0 = Debug|Any CPU
		{63F33D62-7B70-4057-8BC4-492C24743BD2}.Debug|ARM.ActiveCfg = Debug|Any CPU
		{63F33D62-7B70-4057-8BC4-492C24743BD2}.Debug|ARM.Build.0 = Debug|Any CPU
		{63F33D62-7B70-4057-8BC4-492C24743BD2}.Debug|ARM64.ActiveCfg = Debug|Any CPU
		{63F33D62-7B70-4057-8BC4-492C24743BD2}.Debug|ARM64.Build.0 = Debug|Any CPU
		{63F33D62-7B70-4057-8BC4-492C24743BD2}.Debug|x64.ActiveCfg = Debug|Any CPU
		{63F33D62-7B70-4057-8BC4-492C24743BD2}.Debug|x64.Build.0 = Debug|Any CPU
		{63F33D62-7B70-4057-8BC4-492C24743BD2}.Debug|x86.ActiveCfg = Debug|Any CPU
		{63F33D62-7B70-4057-8BC4-492C24743BD2}.Debug|x86.Build.0 = Debug|Any CPU
		{63F33D62-7B70-4057-8BC4-492C24743BD2}.Release|Any CPU.ActiveCfg = Release|Any CPU
		{63F33D62-7B70-4057-8BC4-492C24743BD2}.Release|Any CPU.Build.0 = Release|Any CPU
		{63F33D62-7B70-4057-8BC4-492C24743BD2}.Release|ARM.ActiveCfg = Release|Any CPU
		{63F33D62-7B70-4057-8BC4-492C24743BD2}.Release|ARM.Build.0 = Release|Any CPU
		{63F33D62-7B70-4057-8BC4-492C24743BD2}.Release|ARM64.ActiveCfg = Release|Any CPU
		{63F33D62-7B70-4057-8BC4-492C24743BD2}.Release|ARM64.Build.0 = Release|Any CPU
		{63F33D62-7B70-4057-8BC4-492C24743BD2}.Release|x64.ActiveCfg = Release|Any CPU
		{63F33D62-7B70-4057-8BC4-492C24743BD2}.Release|x64.Build.0 = Release|Any CPU
		{63F33D62-7B70-4057-8BC4-492C24743BD2}.Release|x86.ActiveCfg = Release|Any CPU
		{63F33D62-7B70-4057-8BC4-492C24743BD2}.Release|x86.Build.0 = Release|Any CPU
		{5C257120-04E8-4080-8FAE-ADC22B2CFA8E}.Debug|Any CPU.ActiveCfg = Debug|Any CPU
		{5C257120-04E8-4080-8FAE-ADC22B2CFA8E}.Debug|Any CPU.Build.0 = Debug|Any CPU
		{5C257120-04E8-4080-8FAE-ADC22B2CFA8E}.Debug|ARM.ActiveCfg = Debug|Any CPU
		{5C257120-04E8-4080-8FAE-ADC22B2CFA8E}.Debug|ARM.Build.0 = Debug|Any CPU
		{5C257120-04E8-4080-8FAE-ADC22B2CFA8E}.Debug|ARM64.ActiveCfg = Debug|Any CPU
		{5C257120-04E8-4080-8FAE-ADC22B2CFA8E}.Debug|ARM64.Build.0 = Debug|Any CPU
		{5C257120-04E8-4080-8FAE-ADC22B2CFA8E}.Debug|x64.ActiveCfg = Debug|Any CPU
		{5C257120-04E8-4080-8FAE-ADC22B2CFA8E}.Debug|x64.Build.0 = Debug|Any CPU
		{5C257120-04E8-4080-8FAE-ADC22B2CFA8E}.Debug|x86.ActiveCfg = Debug|Win32
		{5C257120-04E8-4080-8FAE-ADC22B2CFA8E}.Debug|x86.Build.0 = Debug|Win32
		{5C257120-04E8-4080-8FAE-ADC22B2CFA8E}.Release|Any CPU.ActiveCfg = Release|Any CPU
		{5C257120-04E8-4080-8FAE-ADC22B2CFA8E}.Release|Any CPU.Build.0 = Release|Any CPU
		{5C257120-04E8-4080-8FAE-ADC22B2CFA8E}.Release|ARM.ActiveCfg = Release|Any CPU
		{5C257120-04E8-4080-8FAE-ADC22B2CFA8E}.Release|ARM.Build.0 = Release|Any CPU
		{5C257120-04E8-4080-8FAE-ADC22B2CFA8E}.Release|ARM64.ActiveCfg = Release|Any CPU
		{5C257120-04E8-4080-8FAE-ADC22B2CFA8E}.Release|ARM64.Build.0 = Release|Any CPU
		{5C257120-04E8-4080-8FAE-ADC22B2CFA8E}.Release|x64.ActiveCfg = Release|Any CPU
		{5C257120-04E8-4080-8FAE-ADC22B2CFA8E}.Release|x64.Build.0 = Release|Any CPU
		{5C257120-04E8-4080-8FAE-ADC22B2CFA8E}.Release|x86.ActiveCfg = Release|Win32
		{5C257120-04E8-4080-8FAE-ADC22B2CFA8E}.Release|x86.Build.0 = Release|Win32
		{23A3F584-BE35-48F6-946A-EE8EB5E920D5}.Debug|Any CPU.ActiveCfg = Debug|Any CPU
		{23A3F584-BE35-48F6-946A-EE8EB5E920D5}.Debug|Any CPU.Build.0 = Debug|Any CPU
		{23A3F584-BE35-48F6-946A-EE8EB5E920D5}.Debug|ARM.ActiveCfg = Debug|Any CPU
		{23A3F584-BE35-48F6-946A-EE8EB5E920D5}.Debug|ARM.Build.0 = Debug|Any CPU
		{23A3F584-BE35-48F6-946A-EE8EB5E920D5}.Debug|ARM64.ActiveCfg = Debug|Any CPU
		{23A3F584-BE35-48F6-946A-EE8EB5E920D5}.Debug|ARM64.Build.0 = Debug|Any CPU
		{23A3F584-BE35-48F6-946A-EE8EB5E920D5}.Debug|x64.ActiveCfg = Debug|Any CPU
		{23A3F584-BE35-48F6-946A-EE8EB5E920D5}.Debug|x64.Build.0 = Debug|Any CPU
		{23A3F584-BE35-48F6-946A-EE8EB5E920D5}.Debug|x86.ActiveCfg = Debug|Any CPU
		{23A3F584-BE35-48F6-946A-EE8EB5E920D5}.Debug|x86.Build.0 = Debug|Any CPU
		{23A3F584-BE35-48F6-946A-EE8EB5E920D5}.Release|Any CPU.ActiveCfg = Release|Any CPU
		{23A3F584-BE35-48F6-946A-EE8EB5E920D5}.Release|Any CPU.Build.0 = Release|Any CPU
		{23A3F584-BE35-48F6-946A-EE8EB5E920D5}.Release|ARM.ActiveCfg = Release|Any CPU
		{23A3F584-BE35-48F6-946A-EE8EB5E920D5}.Release|ARM.Build.0 = Release|Any CPU
		{23A3F584-BE35-48F6-946A-EE8EB5E920D5}.Release|ARM64.ActiveCfg = Release|Any CPU
		{23A3F584-BE35-48F6-946A-EE8EB5E920D5}.Release|ARM64.Build.0 = Release|Any CPU
		{23A3F584-BE35-48F6-946A-EE8EB5E920D5}.Release|x64.ActiveCfg = Release|Any CPU
		{23A3F584-BE35-48F6-946A-EE8EB5E920D5}.Release|x64.Build.0 = Release|Any CPU
		{23A3F584-BE35-48F6-946A-EE8EB5E920D5}.Release|x86.ActiveCfg = Release|Any CPU
		{23A3F584-BE35-48F6-946A-EE8EB5E920D5}.Release|x86.Build.0 = Release|Any CPU
	EndGlobalSection
	GlobalSection(SolutionProperties) = preSolution
		HideSolutionNode = FALSE
	EndGlobalSection
	GlobalSection(ExtensibilityGlobals) = postSolution
		SolutionGuid = {487B2BC0-4941-4B90-ABC0-3331911F6E27}
	EndGlobalSection
EndGlobal
